// !$*UTF8*$!
{
	archiveVersion = 1;
	classes = {
	};
	objectVersion = 56;
	objects = {

/* Begin PBXBuildFile section */
		211192DA2C2BB7DB00A1DC17 /* HoneymoonApp.swift in Sources */ = {isa = PBXBuildFile; fileRef = 211192D92C2BB7DB00A1DC17 /* HoneymoonApp.swift */; };
		211192DC2C2BB7DB00A1DC17 /* ContentView.swift in Sources */ = {isa = PBXBuildFile; fileRef = 211192DB2C2BB7DB00A1DC17 /* ContentView.swift */; };
		211192DE2C2BB7DC00A1DC17 /* Assets.xcassets in Resources */ = {isa = PBXBuildFile; fileRef = 211192DD2C2BB7DC00A1DC17 /* Assets.xcassets */; };
		211192E12C2BB7DC00A1DC17 /* Preview Assets.xcassets in Resources */ = {isa = PBXBuildFile; fileRef = 211192E02C2BB7DC00A1DC17 /* Preview Assets.xcassets */; };
		211192EA2C2BD29B00A1DC17 /* Launch Screen.storyboard in Resources */ = {isa = PBXBuildFile; fileRef = 211192E92C2BD29B00A1DC17 /* Launch Screen.storyboard */; };
		211192EC2C2BD5F700A1DC17 /* HoneymoonModel.swift in Sources */ = {isa = PBXBuildFile; fileRef = 211192EB2C2BD5F700A1DC17 /* HoneymoonModel.swift */; };
		211192EF2C2BD65F00A1DC17 /* HoneymoonData.swift in Sources */ = {isa = PBXBuildFile; fileRef = 211192EE2C2BD65F00A1DC17 /* HoneymoonData.swift */; };
		211192F32C2BD6CD00A1DC17 /* CardView.swift in Sources */ = {isa = PBXBuildFile; fileRef = 211192F22C2BD6CD00A1DC17 /* CardView.swift */; };
		211192F52C2BDAD800A1DC17 /* HeaderView.swift in Sources */ = {isa = PBXBuildFile; fileRef = 211192F42C2BDAD800A1DC17 /* HeaderView.swift */; };
		211192F72C2BDF2700A1DC17 /* FooterView.swift in Sources */ = {isa = PBXBuildFile; fileRef = 211192F62C2BDF2700A1DC17 /* FooterView.swift */; };
		211192FA2C2BE28300A1DC17 /* HeaderComponent.swift in Sources */ = {isa = PBXBuildFile; fileRef = 211192F92C2BE28300A1DC17 /* HeaderComponent.swift */; };
		211192FC2C2BE32800A1DC17 /* GuideComponent.swift in Sources */ = {isa = PBXBuildFile; fileRef = 211192FB2C2BE32800A1DC17 /* GuideComponent.swift */; };
		211192FE2C2BE54100A1DC17 /* GuideView.swift in Sources */ = {isa = PBXBuildFile; fileRef = 211192FD2C2BE54100A1DC17 /* GuideView.swift */; };
		211193002C2BF68300A1DC17 /* InfoView.swift in Sources */ = {isa = PBXBuildFile; fileRef = 211192FF2C2BF68300A1DC17 /* InfoView.swift */; };
		211193022C2BF76300A1DC17 /* TitleModifier.swift in Sources */ = {isa = PBXBuildFile; fileRef = 211193012C2BF76300A1DC17 /* TitleModifier.swift */; };
		211193042C2BF95100A1DC17 /* ButtonModifier.swift in Sources */ = {isa = PBXBuildFile; fileRef = 211193032C2BF95100A1DC17 /* ButtonModifier.swift */; };
		211193072C2C0E4D00A1DC17 /* SymbolModifier.swift in Sources */ = {isa = PBXBuildFile; fileRef = 211193062C2C0E4D00A1DC17 /* SymbolModifier.swift */; };
		2111930A2C2C15CE00A1DC17 /* CardTransition.swift in Sources */ = {isa = PBXBuildFile; fileRef = 211193092C2C15CE00A1DC17 /* CardTransition.swift */; };
		2111930D2C2C18DB00A1DC17 /* PlaySound.swift in Sources */ = {isa = PBXBuildFile; fileRef = 2111930C2C2C18DB00A1DC17 /* PlaySound.swift */; };
		211193102C2C1AA500A1DC17 /* sound-rise.mp3 in Resources */ = {isa = PBXBuildFile; fileRef = 2111930E2C2C1AA500A1DC17 /* sound-rise.mp3 */; };
		211193112C2C1AA500A1DC17 /* sound-click.mp3 in Resources */ = {isa = PBXBuildFile; fileRef = 2111930F2C2C1AA500A1DC17 /* sound-click.mp3 */; };
/* End PBXBuildFile section */

/* Begin PBXFileReference section */
		211192D62C2BB7DB00A1DC17 /* Honeymoon.app */ = {isa = PBXFileReference; explicitFileType = wrapper.application; includeInIndex = 0; path = Honeymoon.app; sourceTree = BUILT_PRODUCTS_DIR; };
		211192D92C2BB7DB00A1DC17 /* HoneymoonApp.swift */ = {isa = PBXFileReference; lastKnownFileType = sourcecode.swift; path = HoneymoonApp.swift; sourceTree = "<group>"; };
		211192DB2C2BB7DB00A1DC17 /* ContentView.swift */ = {isa = PBXFileReference; lastKnownFileType = sourcecode.swift; path = ContentView.swift; sourceTree = "<group>"; };
		211192DD2C2BB7DC00A1DC17 /* Assets.xcassets */ = {isa = PBXFileReference; lastKnownFileType = folder.assetcatalog; path = Assets.xcassets; sourceTree = "<group>"; };
		211192E02C2BB7DC00A1DC17 /* Preview Assets.xcassets */ = {isa = PBXFileReference; lastKnownFileType = folder.assetcatalog; path = "Preview Assets.xcassets"; sourceTree = "<group>"; };
		211192E92C2BD29B00A1DC17 /* Launch Screen.storyboard */ = {isa = PBXFileReference; lastKnownFileType = file.storyboard; path = "Launch Screen.storyboard"; sourceTree = "<group>"; };
		211192EB2C2BD5F700A1DC17 /* HoneymoonModel.swift */ = {isa = PBXFileReference; lastKnownFileType = sourcecode.swift; path = HoneymoonModel.swift; sourceTree = "<group>"; };
		211192EE2C2BD65F00A1DC17 /* HoneymoonData.swift */ = {isa = PBXFileReference; lastKnownFileType = sourcecode.swift; path = HoneymoonData.swift; sourceTree = "<group>"; };
		211192F22C2BD6CD00A1DC17 /* CardView.swift */ = {isa = PBXFileReference; lastKnownFileType = sourcecode.swift; path = CardView.swift; sourceTree = "<group>"; };
		211192F42C2BDAD800A1DC17 /* HeaderView.swift */ = {isa = PBXFileReference; lastKnownFileType = sourcecode.swift; path = HeaderView.swift; sourceTree = "<group>"; };
		211192F62C2BDF2700A1DC17 /* FooterView.swift */ = {isa = PBXFileReference; lastKnownFileType = sourcecode.swift; path = FooterView.swift; sourceTree = "<group>"; };
		211192F92C2BE28300A1DC17 /* HeaderComponent.swift */ = {isa = PBXFileReference; lastKnownFileType = sourcecode.swift; path = HeaderComponent.swift; sourceTree = "<group>"; };
		211192FB2C2BE32800A1DC17 /* GuideComponent.swift */ = {isa = PBXFileReference; lastKnownFileType = sourcecode.swift; path = GuideComponent.swift; sourceTree = "<group>"; };
		211192FD2C2BE54100A1DC17 /* GuideView.swift */ = {isa = PBXFileReference; lastKnownFileType = sourcecode.swift; path = GuideView.swift; sourceTree = "<group>"; };
		211192FF2C2BF68300A1DC17 /* InfoView.swift */ = {isa = PBXFileReference; lastKnownFileType = sourcecode.swift; path = InfoView.swift; sourceTree = "<group>"; };
		211193012C2BF76300A1DC17 /* TitleModifier.swift */ = {isa = PBXFileReference; lastKnownFileType = sourcecode.swift; path = TitleModifier.swift; sourceTree = "<group>"; };
		211193032C2BF95100A1DC17 /* ButtonModifier.swift */ = {isa = PBXFileReference; lastKnownFileType = sourcecode.swift; path = ButtonModifier.swift; sourceTree = "<group>"; };
		211193062C2C0E4D00A1DC17 /* SymbolModifier.swift */ = {isa = PBXFileReference; lastKnownFileType = sourcecode.swift; path = SymbolModifier.swift; sourceTree = "<group>"; };
		211193092C2C15CE00A1DC17 /* CardTransition.swift */ = {isa = PBXFileReference; lastKnownFileType = sourcecode.swift; path = CardTransition.swift; sourceTree = "<group>"; };
		2111930C2C2C18DB00A1DC17 /* PlaySound.swift */ = {isa = PBXFileReference; lastKnownFileType = sourcecode.swift; path = PlaySound.swift; sourceTree = "<group>"; };
		2111930E2C2C1AA500A1DC17 /* sound-rise.mp3 */ = {isa = PBXFileReference; lastKnownFileType = audio.mp3; path = "sound-rise.mp3"; sourceTree = "<group>"; };
		2111930F2C2C1AA500A1DC17 /* sound-click.mp3 */ = {isa = PBXFileReference; lastKnownFileType = audio.mp3; path = "sound-click.mp3"; sourceTree = "<group>"; };
/* End PBXFileReference section */

/* Begin PBXFrameworksBuildPhase section */
		211192D32C2BB7DB00A1DC17 /* Frameworks */ = {
			isa = PBXFrameworksBuildPhase;
			buildActionMask = 2147483647;
			files = (
			);
			runOnlyForDeploymentPostprocessing = 0;
		};
/* End PBXFrameworksBuildPhase section */

/* Begin PBXGroup section */
		211192CD2C2BB7DB00A1DC17 = {
			isa = PBXGroup;
			children = (
				211192D82C2BB7DB00A1DC17 /* Honeymoon */,
				211192D72C2BB7DB00A1DC17 /* Products */,
			);
			sourceTree = "<group>";
		};
		211192D72C2BB7DB00A1DC17 /* Products */ = {
			isa = PBXGroup;
			children = (
				211192D62C2BB7DB00A1DC17 /* Honeymoon.app */,
			);
			name = Products;
			sourceTree = "<group>";
		};
		211192D82C2BB7DB00A1DC17 /* Honeymoon */ = {
			isa = PBXGroup;
			children = (
				211193122C2C1AB800A1DC17 /* Sound */,
				2111930B2C2C18CE00A1DC17 /* Helper */,
				211193082C2C15B800A1DC17 /* Extension */,
				211193052C2C0E2600A1DC17 /* Modifier */,
				211192F82C2BE26A00A1DC17 /* Component */,
				211192F02C2BD66500A1DC17 /* Data */,
				211192ED2C2BD60600A1DC17 /* Model */,
				211192F12C2BD6BA00A1DC17 /* View */,
				211192D92C2BB7DB00A1DC17 /* HoneymoonApp.swift */,
				211192DD2C2BB7DC00A1DC17 /* Assets.xcassets */,
				211192DF2C2BB7DC00A1DC17 /* Preview Content */,
				211192E92C2BD29B00A1DC17 /* Launch Screen.storyboard */,
			);
			path = Honeymoon;
			sourceTree = "<group>";
		};
		211192DF2C2BB7DC00A1DC17 /* Preview Content */ = {
			isa = PBXGroup;
			children = (
				211192E02C2BB7DC00A1DC17 /* Preview Assets.xcassets */,
			);
			path = "Preview Content";
			sourceTree = "<group>";
		};
		211192ED2C2BD60600A1DC17 /* Model */ = {
			isa = PBXGroup;
			children = (
				211192EB2C2BD5F700A1DC17 /* HoneymoonModel.swift */,
			);
			path = Model;
			sourceTree = "<group>";
		};
		211192F02C2BD66500A1DC17 /* Data */ = {
			isa = PBXGroup;
			children = (
				211192EE2C2BD65F00A1DC17 /* HoneymoonData.swift */,
			);
			path = Data;
			sourceTree = "<group>";
		};
		211192F12C2BD6BA00A1DC17 /* View */ = {
			isa = PBXGroup;
			children = (
				211192DB2C2BB7DB00A1DC17 /* ContentView.swift */,
				211192F22C2BD6CD00A1DC17 /* CardView.swift */,
				211192F42C2BDAD800A1DC17 /* HeaderView.swift */,
				211192F62C2BDF2700A1DC17 /* FooterView.swift */,
				211192FD2C2BE54100A1DC17 /* GuideView.swift */,
				211192FF2C2BF68300A1DC17 /* InfoView.swift */,
			);
			path = View;
			sourceTree = "<group>";
		};
		211192F82C2BE26A00A1DC17 /* Component */ = {
			isa = PBXGroup;
			children = (
				211192F92C2BE28300A1DC17 /* HeaderComponent.swift */,
				211192FB2C2BE32800A1DC17 /* GuideComponent.swift */,
			);
			path = Component;
			sourceTree = "<group>";
		};
		211193052C2C0E2600A1DC17 /* Modifier */ = {
			isa = PBXGroup;
			children = (
				211193032C2BF95100A1DC17 /* ButtonModifier.swift */,
				211193012C2BF76300A1DC17 /* TitleModifier.swift */,
				211193062C2C0E4D00A1DC17 /* SymbolModifier.swift */,
			);
			path = Modifier;
			sourceTree = "<group>";
		};
		211193082C2C15B800A1DC17 /* Extension */ = {
			isa = PBXGroup;
			children = (
				211193092C2C15CE00A1DC17 /* CardTransition.swift */,
			);
			path = Extension;
			sourceTree = "<group>";
		};
		2111930B2C2C18CE00A1DC17 /* Helper */ = {
			isa = PBXGroup;
			children = (
				2111930C2C2C18DB00A1DC17 /* PlaySound.swift */,
			);
			path = Helper;
			sourceTree = "<group>";
		};
		211193122C2C1AB800A1DC17 /* Sound */ = {
			isa = PBXGroup;
			children = (
				2111930F2C2C1AA500A1DC17 /* sound-click.mp3 */,
				2111930E2C2C1AA500A1DC17 /* sound-rise.mp3 */,
			);
			path = Sound;
			sourceTree = "<group>";
		};
/* End PBXGroup section */

/* Begin PBXNativeTarget section */
		211192D52C2BB7DB00A1DC17 /* Honeymoon */ = {
			isa = PBXNativeTarget;
			buildConfigurationList = 211192E42C2BB7DC00A1DC17 /* Build configuration list for PBXNativeTarget "Honeymoon" */;
			buildPhases = (
				211192D22C2BB7DB00A1DC17 /* Sources */,
				211192D32C2BB7DB00A1DC17 /* Frameworks */,
				211192D42C2BB7DB00A1DC17 /* Resources */,
			);
			buildRules = (
			);
			dependencies = (
			);
			name = Honeymoon;
			productName = Honeymoon;
			productReference = 211192D62C2BB7DB00A1DC17 /* Honeymoon.app */;
			productType = "com.apple.product-type.application";
		};
/* End PBXNativeTarget section */

/* Begin PBXProject section */
		211192CE2C2BB7DB00A1DC17 /* Project object */ = {
			isa = PBXProject;
			attributes = {
				BuildIndependentTargetsInParallel = 1;
				LastSwiftUpdateCheck = 1530;
				LastUpgradeCheck = 1530;
				TargetAttributes = {
					211192D52C2BB7DB00A1DC17 = {
						CreatedOnToolsVersion = 15.3;
					};
				};
			};
			buildConfigurationList = 211192D12C2BB7DB00A1DC17 /* Build configuration list for PBXProject "Honeymoon" */;
			compatibilityVersion = "Xcode 14.0";
			developmentRegion = en;
			hasScannedForEncodings = 0;
			knownRegions = (
				en,
				Base,
			);
			mainGroup = 211192CD2C2BB7DB00A1DC17;
			productRefGroup = 211192D72C2BB7DB00A1DC17 /* Products */;
			projectDirPath = "";
			projectRoot = "";
			targets = (
				211192D52C2BB7DB00A1DC17 /* Honeymoon */,
			);
		};
/* End PBXProject section */

/* Begin PBXResourcesBuildPhase section */
		211192D42C2BB7DB00A1DC17 /* Resources */ = {
			isa = PBXResourcesBuildPhase;
			buildActionMask = 2147483647;
			files = (
				211193112C2C1AA500A1DC17 /* sound-click.mp3 in Resources */,
				211192E12C2BB7DC00A1DC17 /* Preview Assets.xcassets in Resources */,
				211193102C2C1AA500A1DC17 /* sound-rise.mp3 in Resources */,
				211192EA2C2BD29B00A1DC17 /* Launch Screen.storyboard in Resources */,
				211192DE2C2BB7DC00A1DC17 /* Assets.xcassets in Resources */,
			);
			runOnlyForDeploymentPostprocessing = 0;
		};
/* End PBXResourcesBuildPhase section */

/* Begin PBXSourcesBuildPhase section */
		211192D22C2BB7DB00A1DC17 /* Sources */ = {
			isa = PBXSourcesBuildPhase;
			buildActionMask = 2147483647;
			files = (
				211192EF2C2BD65F00A1DC17 /* HoneymoonData.swift in Sources */,
				211193002C2BF68300A1DC17 /* InfoView.swift in Sources */,
				211192F72C2BDF2700A1DC17 /* FooterView.swift in Sources */,
				211193022C2BF76300A1DC17 /* TitleModifier.swift in Sources */,
				2111930A2C2C15CE00A1DC17 /* CardTransition.swift in Sources */,
				211193072C2C0E4D00A1DC17 /* SymbolModifier.swift in Sources */,
				211192F52C2BDAD800A1DC17 /* HeaderView.swift in Sources */,
				211192EC2C2BD5F700A1DC17 /* HoneymoonModel.swift in Sources */,
				211193042C2BF95100A1DC17 /* ButtonModifier.swift in Sources */,
				2111930D2C2C18DB00A1DC17 /* PlaySound.swift in Sources */,
				211192FA2C2BE28300A1DC17 /* HeaderComponent.swift in Sources */,
				211192DC2C2BB7DB00A1DC17 /* ContentView.swift in Sources */,
				211192DA2C2BB7DB00A1DC17 /* HoneymoonApp.swift in Sources */,
				211192F32C2BD6CD00A1DC17 /* CardView.swift in Sources */,
				211192FC2C2BE32800A1DC17 /* GuideComponent.swift in Sources */,
				211192FE2C2BE54100A1DC17 /* GuideView.swift in Sources */,
			);
			runOnlyForDeploymentPostprocessing = 0;
		};
/* End PBXSourcesBuildPhase section */

/* Begin XCBuildConfiguration section */
		211192E22C2BB7DC00A1DC17 /* Debug */ = {
			isa = XCBuildConfiguration;
			buildSettings = {
				ALWAYS_SEARCH_USER_PATHS = NO;
				ASSETCATALOG_COMPILER_GENERATE_SWIFT_ASSET_SYMBOL_EXTENSIONS = YES;
				CLANG_ANALYZER_NONNULL = YES;
				CLANG_ANALYZER_NUMBER_OBJECT_CONVERSION = YES_AGGRESSIVE;
				CLANG_CXX_LANGUAGE_STANDARD = "gnu++20";
				CLANG_ENABLE_MODULES = YES;
				CLANG_ENABLE_OBJC_ARC = YES;
				CLANG_ENABLE_OBJC_WEAK = YES;
				CLANG_WARN_BLOCK_CAPTURE_AUTORELEASING = YES;
				CLANG_WARN_BOOL_CONVERSION = YES;
				CLANG_WARN_COMMA = YES;
				CLANG_WARN_CONSTANT_CONVERSION = YES;
				CLANG_WARN_DEPRECATED_OBJC_IMPLEMENTATIONS = YES;
				CLANG_WARN_DIRECT_OBJC_ISA_USAGE = YES_ERROR;
				CLANG_WARN_DOCUMENTATION_COMMENTS = YES;
				CLANG_WARN_EMPTY_BODY = YES;
				CLANG_WARN_ENUM_CONVERSION = YES;
				CLANG_WARN_INFINITE_RECURSION = YES;
				CLANG_WARN_INT_CONVERSION = YES;
				CLANG_WARN_NON_LITERAL_NULL_CONVERSION = YES;
				CLANG_WARN_OBJC_IMPLICIT_RETAIN_SELF = YES;
				CLANG_WARN_OBJC_LITERAL_CONVERSION = YES;
				CLANG_WARN_OBJC_ROOT_CLASS = YES_ERROR;
				CLANG_WARN_QUOTED_INCLUDE_IN_FRAMEWORK_HEADER = YES;
				CLANG_WARN_RANGE_LOOP_ANALYSIS = YES;
				CLANG_WARN_STRICT_PROTOTYPES = YES;
				CLANG_WARN_SUSPICIOUS_MOVE = YES;
				CLANG_WARN_UNGUARDED_AVAILABILITY = YES_AGGRESSIVE;
				CLANG_WARN_UNREACHABLE_CODE = YES;
				CLANG_WARN__DUPLICATE_METHOD_MATCH = YES;
				COPY_PHASE_STRIP = NO;
				DEBUG_INFORMATION_FORMAT = dwarf;
				ENABLE_STRICT_OBJC_MSGSEND = YES;
				ENABLE_TESTABILITY = YES;
				ENABLE_USER_SCRIPT_SANDBOXING = YES;
				GCC_C_LANGUAGE_STANDARD = gnu17;
				GCC_DYNAMIC_NO_PIC = NO;
				GCC_NO_COMMON_BLOCKS = YES;
				GCC_OPTIMIZATION_LEVEL = 0;
				GCC_PREPROCESSOR_DEFINITIONS = (
					"DEBUG=1",
					"$(inherited)",
				);
				GCC_WARN_64_TO_32_BIT_CONVERSION = YES;
				GCC_WARN_ABOUT_RETURN_TYPE = YES_ERROR;
				GCC_WARN_UNDECLARED_SELECTOR = YES;
				GCC_WARN_UNINITIALIZED_AUTOS = YES_AGGRESSIVE;
				GCC_WARN_UNUSED_FUNCTION = YES;
				GCC_WARN_UNUSED_VARIABLE = YES;
				IPHONEOS_DEPLOYMENT_TARGET = 17.4;
				LOCALIZATION_PREFERS_STRING_CATALOGS = YES;
				MTL_ENABLE_DEBUG_INFO = INCLUDE_SOURCE;
				MTL_FAST_MATH = YES;
				ONLY_ACTIVE_ARCH = YES;
				SDKROOT = iphoneos;
				SWIFT_ACTIVE_COMPILATION_CONDITIONS = "DEBUG $(inherited)";
				SWIFT_OPTIMIZATION_LEVEL = "-Onone";
			};
			name = Debug;
		};
		211192E32C2BB7DC00A1DC17 /* Release */ = {
			isa = XCBuildConfiguration;
			buildSettings = {
				ALWAYS_SEARCH_USER_PATHS = NO;
				ASSETCATALOG_COMPILER_GENERATE_SWIFT_ASSET_SYMBOL_EXTENSIONS = YES;
				CLANG_ANALYZER_NONNULL = YES;
				CLANG_ANALYZER_NUMBER_OBJECT_CONVERSION = YES_AGGRESSIVE;
				CLANG_CXX_LANGUAGE_STANDARD = "gnu++20";
				CLANG_ENABLE_MODULES = YES;
				CLANG_ENABLE_OBJC_ARC = YES;
				CLANG_ENABLE_OBJC_WEAK = YES;
				CLANG_WARN_BLOCK_CAPTURE_AUTORELEASING = YES;
				CLANG_WARN_BOOL_CONVERSION = YES;
				CLANG_WARN_COMMA = YES;
				CLANG_WARN_CONSTANT_CONVERSION = YES;
				CLANG_WARN_DEPRECATED_OBJC_IMPLEMENTATIONS = YES;
				CLANG_WARN_DIRECT_OBJC_ISA_USAGE = YES_ERROR;
				CLANG_WARN_DOCUMENTATION_COMMENTS = YES;
				CLANG_WARN_EMPTY_BODY = YES;
				CLANG_WARN_ENUM_CONVERSION = YES;
				CLANG_WARN_INFINITE_RECURSION = YES;
				CLANG_WARN_INT_CONVERSION = YES;
				CLANG_WARN_NON_LITERAL_NULL_CONVERSION = YES;
				CLANG_WARN_OBJC_IMPLICIT_RETAIN_SELF = YES;
				CLANG_WARN_OBJC_LITERAL_CONVERSION = YES;
				CLANG_WARN_OBJC_ROOT_CLASS = YES_ERROR;
				CLANG_WARN_QUOTED_INCLUDE_IN_FRAMEWORK_HEADER = YES;
				CLANG_WARN_RANGE_LOOP_ANALYSIS = YES;
				CLANG_WARN_STRICT_PROTOTYPES = YES;
				CLANG_WARN_SUSPICIOUS_MOVE = YES;
				CLANG_WARN_UNGUARDED_AVAILABILITY = YES_AGGRESSIVE;
				CLANG_WARN_UNREACHABLE_CODE = YES;
				CLANG_WARN__DUPLICATE_METHOD_MATCH = YES;
				COPY_PHASE_STRIP = NO;
				DEBUG_INFORMATION_FORMAT = "dwarf-with-dsym";
				ENABLE_NS_ASSERTIONS = NO;
				ENABLE_STRICT_OBJC_MSGSEND = YES;
				ENABLE_USER_SCRIPT_SANDBOXING = YES;
				GCC_C_LANGUAGE_STANDARD = gnu17;
				GCC_NO_COMMON_BLOCKS = YES;
				GCC_WARN_64_TO_32_BIT_CONVERSION = YES;
				GCC_WARN_ABOUT_RETURN_TYPE = YES_ERROR;
				GCC_WARN_UNDECLARED_SELECTOR = YES;
				GCC_WARN_UNINITIALIZED_AUTOS = YES_AGGRESSIVE;
				GCC_WARN_UNUSED_FUNCTION = YES;
				GCC_WARN_UNUSED_VARIABLE = YES;
				IPHONEOS_DEPLOYMENT_TARGET = 17.4;
				LOCALIZATION_PREFERS_STRING_CATALOGS = YES;
				MTL_ENABLE_DEBUG_INFO = NO;
				MTL_FAST_MATH = YES;
				SDKROOT = iphoneos;
				SWIFT_COMPILATION_MODE = wholemodule;
				VALIDATE_PRODUCT = YES;
			};
			name = Release;
		};
		211192E52C2BB7DC00A1DC17 /* Debug */ = {
			isa = XCBuildConfiguration;
			buildSettings = {
				ASSETCATALOG_COMPILER_APPICON_NAME = AppIcon;
				ASSETCATALOG_COMPILER_GLOBAL_ACCENT_COLOR_NAME = AccentColor;
				CODE_SIGN_STYLE = Automatic;
				CURRENT_PROJECT_VERSION = 1;
				DEVELOPMENT_ASSET_PATHS = "\"Honeymoon/Preview Content\"";
				DEVELOPMENT_TEAM = 9ZQM859JAJ;
				ENABLE_PREVIEWS = YES;
				GENERATE_INFOPLIST_FILE = YES;
				INFOPLIST_KEY_UIApplicationSceneManifest_Generation = YES;
				INFOPLIST_KEY_UIApplicationSupportsIndirectInputEvents = YES;
				INFOPLIST_KEY_UILaunchScreen_Generation = YES;
				INFOPLIST_KEY_UILaunchStoryboardName = "Launch Screen.storyboard";
				INFOPLIST_KEY_UISupportedInterfaceOrientations = UIInterfaceOrientationPortrait;
				INFOPLIST_KEY_UISupportedInterfaceOrientations_iPad = "UIInterfaceOrientationPortrait UIInterfaceOrientationPortraitUpsideDown";
				LD_RUNPATH_SEARCH_PATHS = (
					"$(inherited)",
					"@executable_path/Frameworks",
				);
				MARKETING_VERSION = 1.0;
				PRODUCT_BUNDLE_IDENTIFIER = TEST.Honeymoon;
				PRODUCT_NAME = "$(TARGET_NAME)";
				SWIFT_EMIT_LOC_STRINGS = YES;
				SWIFT_VERSION = 5.0;
				TARGETED_DEVICE_FAMILY = "1,2";
			};
			name = Debug;
		};
		211192E62C2BB7DC00A1DC17 /* Release */ = {
			isa = XCBuildConfiguration;
			buildSettings = {
				ASSETCATALOG_COMPILER_APPICON_NAME = AppIcon;
				ASSETCATALOG_COMPILER_GLOBAL_ACCENT_COLOR_NAME = AccentColor;
				CODE_SIGN_STYLE = Automatic;
				CURRENT_PROJECT_VERSION = 1;
				DEVELOPMENT_ASSET_PATHS = "\"Honeymoon/Preview Content\"";
				DEVELOPMENT_TEAM = 9ZQM859JAJ;
				ENABLE_PREVIEWS = YES;
				GENERATE_INFOPLIST_FILE = YES;
				INFOPLIST_KEY_UIApplicationSceneManifest_Generation = YES;
				INFOPLIST_KEY_UIApplicationSupportsIndirectInputEvents = YES;
				INFOPLIST_KEY_UILaunchScreen_Generation = YES;
				INFOPLIST_KEY_UILaunchStoryboardName = "Launch Screen.storyboard";
				INFOPLIST_KEY_UISupportedInterfaceOrientations = UIInterfaceOrientationPortrait;
				INFOPLIST_KEY_UISupportedInterfaceOrientations_iPad = "UIInterfaceOrientationPortrait UIInterfaceOrientationPortraitUpsideDown";
				LD_RUNPATH_SEARCH_PATHS = (
					"$(inherited)",
					"@executable_path/Frameworks",
				);
				MARKETING_VERSION = 1.0;
				PRODUCT_BUNDLE_IDENTIFIER = TEST.Honeymoon;
				PRODUCT_NAME = "$(TARGET_NAME)";
				SWIFT_EMIT_LOC_STRINGS = YES;
				SWIFT_VERSION = 5.0;
				TARGETED_DEVICE_FAMILY = "1,2";
			};
			name = Release;
		};
/* End XCBuildConfiguration section */

/* Begin XCConfigurationList section */
		211192D12C2BB7DB00A1DC17 /* Build configuration list for PBXProject "Honeymoon" */ = {
			isa = XCConfigurationList;
			buildConfigurations = (
				211192E22C2BB7DC00A1DC17 /* Debug */,
				211192E32C2BB7DC00A1DC17 /* Release */,
			);
			defaultConfigurationIsVisible = 0;
			defaultConfigurationName = Release;
		};
		211192E42C2BB7DC00A1DC17 /* Build configuration list for PBXNativeTarget "Honeymoon" */ = {
			isa = XCConfigurationList;
			buildConfigurations = (
				211192E52C2BB7DC00A1DC17 /* Debug */,
				211192E62C2BB7DC00A1DC17 /* Release */,
			);
			defaultConfigurationIsVisible = 0;
			defaultConfigurationName = Release;
		};
/* End XCConfigurationList section */
	};
	rootObject = 211192CE2C2BB7DB00A1DC17 /* Project object */;
}
